
Microsoft Visual Studio Solution File, Format Version 12.00
# Visual Studio Version 17
VisualStudioVersion = 17.8.34511.84
MinimumVisualStudioVersion = 10.0.40219.1
Project("{FAE04EC0-301F-11D3-BF4B-00C04F79EFBC}") = "Spotify", "Spotify.csproj", "{0030FE14-73E5-4135-932F-15B43C24EC53}"
EndProject
Global
	GlobalSection(SolutionConfigurationPlatforms) = preSolution
		Debug|Any CPU = Debug|Any CPU
		Release|Any CPU = Release|Any CPU
	EndGlobalSection
	GlobalSection(ProjectConfigurationPlatforms) = postSolution
		{0030FE14-73E5-4135-932F-15B43C24EC53}.Debug|Any CPU.ActiveCfg = Debug|Any CPU
		{0030FE14-73E5-4135-932F-15B43C24EC53}.Debug|Any CPU.Build.0 = Debug|Any CPU
		{0030FE14-73E5-4135-932F-15B43C24EC53}.Release|Any CPU.ActiveCfg = Release|Any CPU
		{0030FE14-73E5-4135-932F-15B43C24EC53}.Release|Any CPU.Build.0 = Release|Any CPU
	EndGlobalSection
	GlobalSection(SolutionProperties) = preSolution
		HideSolutionNode = FALSE
	EndGlobalSection
	GlobalSection(ExtensibilityGlobals) = postSolution
		SolutionGuid = {B46BAC65-E867-4D22-8229-223388275F38}
	EndGlobalSection
EndGlobal
